
Microsoft Visual Studio Solution File, Format Version 12.00
# Visual Studio Version 17
VisualStudioVersion = 17.10.35122.118
MinimumVisualStudioVersion = 10.0.40219.1
Project("{FAE04EC0-301F-11D3-BF4B-00C04F79EFBC}") = "WebApplication", "WebApplication.csproj", "{B89B45FE-65AC-4F36-A0F9-E2295D809C8A}"
EndProject
Global
	GlobalSection(SolutionConfigurationPlatforms) = preSolution
		Debug|Any CPU = Debug|Any CPU
		Release|Any CPU = Release|Any CPU
	EndGlobalSection
	GlobalSection(ProjectConfigurationPlatforms) = postSolution
		{B89B45FE-65AC-4F36-A0F9-E2295D809C8A}.Debug|Any CPU.ActiveCfg = Debug|Any CPU
		{B89B45FE-65AC-4F36-A0F9-E2295D809C8A}.Debug|Any CPU.Build.0 = Debug|Any CPU
		{B89B45FE-65AC-4F36-A0F9-E2295D809C8A}.Release|Any CPU.ActiveCfg = Release|Any CPU
		{B89B45FE-65AC-4F36-A0F9-E2295D809C8A}.Release|Any CPU.Build.0 = Release|Any CPU
	EndGlobalSection
	GlobalSection(SolutionProperties) = preSolution
		HideSolutionNode = FALSE
	EndGlobalSection
	GlobalSection(ExtensibilityGlobals) = postSolution
		SolutionGuid = {640EE433-567F-4B56-A1E7-9675382C7886}
	EndGlobalSection
EndGlobal
